
Microsoft Visual Studio Solution File, Format Version 12.00
# Visual Studio Version 17
VisualStudioVersion = 17.0.31903.59
MinimumVisualStudioVersion = 10.0.40219.1
Project("{2150E333-8FDC-42A3-9474-1A3956D46DE8}") = "src", "src", "{A4F3E4C7-EF2E-4580-90A5-47EDAE229448}"
EndProject
Project("{2150E333-8FDC-42A3-9474-1A3956D46DE8}") = "SwiftCart.Backend", "SwiftCart.Backend", "{9AF07E60-FA63-42E4-A0FE-1E6AD6CA4020}"
EndProject
Project("{FAE04EC0-301F-11D3-BF4B-00C04F79EFBC}") = "SwiftCart.API", "src\SwiftCart.Backend\SwiftCart.API\SwiftCart.API.csproj", "{0601F250-2D0C-40D7-9BB2-BD6842DCA96A}"
EndProject
Project("{FAE04EC0-301F-11D3-BF4B-00C04F79EFBC}") = "SwiftCart.Application", "src\SwiftCart.Backend\SwiftCart.Application\SwiftCart.Application.csproj", "{73BFC26B-529C-4EC4-B8A8-BA82B87B52C5}"
EndProject
Project("{FAE04EC0-301F-11D3-BF4B-00C04F79EFBC}") = "SwiftCart.Domain", "src\SwiftCart.Backend\SwiftCart.Domain\SwiftCart.Domain.csproj", "{1C6ED505-EED1-4E35-B528-35B9F3A86526}"
EndProject
Project("{FAE04EC0-301F-11D3-BF4B-00C04F79EFBC}") = "SwiftCart.Infrastructure", "src\SwiftCart.Backend\SwiftCart.Infrastructure\SwiftCart.Infrastructure.csproj", "{FCDEBE07-5D42-42E1-8993-AD80AA508E11}"
EndProject
Global
	GlobalSection(SolutionConfigurationPlatforms) = preSolution
		Debug|Any CPU = Debug|Any CPU
		Release|Any CPU = Release|Any CPU
	EndGlobalSection
	GlobalSection(SolutionProperties) = preSolution
		HideSolutionNode = FALSE
	EndGlobalSection
	GlobalSection(ProjectConfigurationPlatforms) = postSolution
		{0601F250-2D0C-40D7-9BB2-BD6842DCA96A}.Debug|Any CPU.ActiveCfg = Debug|Any CPU
		{0601F250-2D0C-40D7-9BB2-BD6842DCA96A}.Debug|Any CPU.Build.0 = Debug|Any CPU
		{0601F250-2D0C-40D7-9BB2-BD6842DCA96A}.Release|Any CPU.ActiveCfg = Release|Any CPU
		{0601F250-2D0C-40D7-9BB2-BD6842DCA96A}.Release|Any CPU.Build.0 = Release|Any CPU
		{73BFC26B-529C-4EC4-B8A8-BA82B87B52C5}.Debug|Any CPU.ActiveCfg = Debug|Any CPU
		{73BFC26B-529C-4EC4-B8A8-BA82B87B52C5}.Debug|Any CPU.Build.0 = Debug|Any CPU
		{73BFC26B-529C-4EC4-B8A8-BA82B87B52C5}.Release|Any CPU.ActiveCfg = Release|Any CPU
		{73BFC26B-529C-4EC4-B8A8-BA82B87B52C5}.Release|Any CPU.Build.0 = Release|Any CPU
		{1C6ED505-EED1-4E35-B528-35B9F3A86526}.Debug|Any CPU.ActiveCfg = Debug|Any CPU
		{1C6ED505-EED1-4E35-B528-35B9F3A86526}.Debug|Any CPU.Build.0 = Debug|Any CPU
		{1C6ED505-EED1-4E35-B528-35B9F3A86526}.Release|Any CPU.ActiveCfg = Release|Any CPU
		{1C6ED505-EED1-4E35-B528-35B9F3A86526}.Release|Any CPU.Build.0 = Release|Any CPU
		{FCDEBE07-5D42-42E1-8993-AD80AA508E11}.Debug|Any CPU.ActiveCfg = Debug|Any CPU
		{FCDEBE07-5D42-42E1-8993-AD80AA508E11}.Debug|Any CPU.Build.0 = Debug|Any CPU
		{FCDEBE07-5D42-42E1-8993-AD80AA508E11}.Release|Any CPU.ActiveCfg = Release|Any CPU
		{FCDEBE07-5D42-42E1-8993-AD80AA508E11}.Release|Any CPU.Build.0 = Release|Any CPU
	EndGlobalSection
	GlobalSection(NestedProjects) = preSolution
		{9AF07E60-FA63-42E4-A0FE-1E6AD6CA4020} = {A4F3E4C7-EF2E-4580-90A5-47EDAE229448}
		{0601F250-2D0C-40D7-9BB2-BD6842DCA96A} = {9AF07E60-FA63-42E4-A0FE-1E6AD6CA4020}
		{73BFC26B-529C-4EC4-B8A8-BA82B87B52C5} = {9AF07E60-FA63-42E4-A0FE-1E6AD6CA4020}
		{1C6ED505-EED1-4E35-B528-35B9F3A86526} = {9AF07E60-FA63-42E4-A0FE-1E6AD6CA4020}
		{FCDEBE07-5D42-42E1-8993-AD80AA508E11} = {9AF07E60-FA63-42E4-A0FE-1E6AD6CA4020}
	EndGlobalSection
EndGlobal
